{
  "version": 4,
  "terraform_version": "1.1.4",
  "serial": 14,
  "lineage": "92b6b82d-7d53-f210-1e4f-7b64868fae45",
  "outputs": {
    "external_ip_address_node01": {
      "value": "51.250.10.109",
      "type": "string"
    },
    "external_ip_address_node02": {
      "value": "51.250.1.189",
      "type": "string"
    },
    "external_ip_address_node03": {
      "value": "51.250.14.100",
      "type": "string"
    },
    "external_ip_address_node04": {
      "value": "51.250.4.3",
      "type": "string"
    },
    "external_ip_address_node05": {
      "value": "51.250.6.184",
      "type": "string"
    },
    "external_ip_address_node06": {
      "value": "51.250.4.12",
      "type": "string"
    },
    "internal_ip_address_node01": {
      "value": "192.168.101.11",
      "type": "string"
    },
    "internal_ip_address_node02": {
      "value": "192.168.101.12",
      "type": "string"
    },
    "internal_ip_address_node03": {
      "value": "192.168.101.13",
      "type": "string"
    },
    "internal_ip_address_node04": {
      "value": "192.168.101.14",
      "type": "string"
    },
    "internal_ip_address_node05": {
      "value": "192.168.101.15",
      "type": "string"
    },
    "internal_ip_address_node06": {
      "value": "192.168.101.16",
      "type": "string"
    }
  },
  "resources": [
    {
      "mode": "managed",
      "type": "local_file",
      "name": "inventory",
      "provider": "provider[\"registry.terraform.io/hashicorp/local\"]",
      "instances": [
        {
          "schema_version": 0,
          "attributes": {
            "content": "# Ansible inventory containing variable values from Terraform.\n# Generated by Terraform.\n\n[nodes:children]\nmanagers\nworkers\n\n[managers:children]\nactive\nstandby\n\n[active]\nnode01.netology.yc ansible_host=51.250.10.109\n\n[standby]\nnode02.netology.yc ansible_host=51.250.1.189\nnode03.netology.yc ansible_host=51.250.14.100\n\n[workers]\nnode04.netology.yc ansible_host=51.250.4.3\nnode05.netology.yc ansible_host=51.250.6.184\nnode06.netology.yc ansible_host=51.250.4.12\n",
            "content_base64": null,
            "directory_permission": "0777",
            "file_permission": "0777",
            "filename": "../ansible/inventory",
            "id": "9b8a0f044c9d4721075eaa7e3e433df26f982a3d",
            "sensitive_content": null,
            "source": null
          },
          "sensitive_attributes": [],
          "private": "bnVsbA==",
          "dependencies": [
            "yandex_compute_instance.node01",
            "yandex_compute_instance.node02",
            "yandex_compute_instance.node03",
            "yandex_compute_instance.node04",
            "yandex_compute_instance.node05",
            "yandex_compute_instance.node06",
            "yandex_vpc_network.default",
            "yandex_vpc_subnet.default"
          ]
        }
      ]
    },
    {
      "mode": "managed",
      "type": "null_resource",
      "name": "cluster",
      "provider": "provider[\"registry.terraform.io/hashicorp/null\"]",
      "instances": [
        {
          "schema_version": 0,
          "attributes": {
            "id": "2382658632142210761",
            "triggers": null
          },
          "sensitive_attributes": [],
          "private": "bnVsbA==",
          "dependencies": [
            "local_file.inventory",
            "null_resource.wait",
            "yandex_compute_instance.node01",
            "yandex_compute_instance.node02",
            "yandex_compute_instance.node03",
            "yandex_compute_instance.node04",
            "yandex_compute_instance.node05",
            "yandex_compute_instance.node06",
            "yandex_vpc_network.default",
            "yandex_vpc_subnet.default"
          ]
        }
      ]
    },
    {
      "mode": "managed",
      "type": "null_resource",
      "name": "monitoring",
      "provider": "provider[\"registry.terraform.io/hashicorp/null\"]",
      "instances": [
        {
          "schema_version": 0,
          "attributes": {
            "id": "8479012677973522582",
            "triggers": null
          },
          "sensitive_attributes": [],
          "private": "bnVsbA==",
          "dependencies": [
            "local_file.inventory",
            "null_resource.cluster",
            "null_resource.sync",
            "null_resource.wait",
            "yandex_compute_instance.node01",
            "yandex_compute_instance.node02",
            "yandex_compute_instance.node03",
            "yandex_compute_instance.node04",
            "yandex_compute_instance.node05",
            "yandex_compute_instance.node06",
            "yandex_vpc_network.default",
            "yandex_vpc_subnet.default"
          ]
        }
      ]
    },
    {
      "mode": "managed",
      "type": "null_resource",
      "name": "sync",
      "provider": "provider[\"registry.terraform.io/hashicorp/null\"]",
      "instances": [
        {
          "schema_version": 0,
          "attributes": {
            "id": "5801962231735673494",
            "triggers": null
          },
          "sensitive_attributes": [],
          "private": "bnVsbA==",
          "dependencies": [
            "local_file.inventory",
            "null_resource.cluster",
            "null_resource.wait",
            "yandex_compute_instance.node01",
            "yandex_compute_instance.node02",
            "yandex_compute_instance.node03",
            "yandex_compute_instance.node04",
            "yandex_compute_instance.node05",
            "yandex_compute_instance.node06",
            "yandex_vpc_network.default",
            "yandex_vpc_subnet.default"
          ]
        }
      ]
    },
    {
      "mode": "managed",
      "type": "null_resource",
      "name": "wait",
      "provider": "provider[\"registry.terraform.io/hashicorp/null\"]",
      "instances": [
        {
          "schema_version": 0,
          "attributes": {
            "id": "3807392911462565165",
            "triggers": null
          },
          "sensitive_attributes": [],
          "private": "bnVsbA==",
          "dependencies": [
            "local_file.inventory",
            "yandex_compute_instance.node01",
            "yandex_compute_instance.node02",
            "yandex_compute_instance.node03",
            "yandex_compute_instance.node04",
            "yandex_compute_instance.node05",
            "yandex_compute_instance.node06",
            "yandex_vpc_network.default",
            "yandex_vpc_subnet.default"
          ]
        }
      ]
    },
    {
      "mode": "managed",
      "type": "yandex_compute_instance",
      "name": "node01",
      "provider": "provider[\"registry.terraform.io/yandex-cloud/yandex\"]",
      "instances": [
        {
          "schema_version": 1,
          "attributes": {
            "allow_stopping_for_update": true,
            "boot_disk": [
              {
                "auto_delete": true,
                "device_name": "fhmpqiqle46v3i7upj5v",
                "disk_id": "fhmpqiqle46v3i7upj5v",
                "initialize_params": [
                  {
                    "block_size": 4096,
                    "description": "",
                    "image_id": "fd8thdvlga8qrfbvm76d",
                    "name": "root-node01",
                    "size": 10,
                    "snapshot_id": "",
                    "type": "network-ssd"
                  }
                ],
                "mode": "READ_WRITE"
              }
            ],
            "created_at": "2022-02-07T20:46:01Z",
            "description": "",
            "folder_id": "b1go4f0pmta6pftdlo2n",
            "fqdn": "node01.netology.yc",
            "hostname": "node01",
            "id": "fhmjsi6hpbgj0tocunrj",
            "labels": null,
            "metadata": {
              "ssh-keys": "centos:ssh-rsa AAAAB3NzaC1yc2EAAAADAQABAAABgQCk3c4RP9ADNp+BQwjou8TR2kE9Be6XwqMmm0fV8Ai/ViB2X85Jkt/gJfFGCvxIppM7pHqSDWeS1EJNt1FmeR62D9euEqUkGOQ/oJ0ORS96rHQbMhck68GS2elDgIyv6M2vIxTXn5LWDrJadqySqypdqbG/HBno8/TbhVGrUemjDumOhNr8QkLkImsE26RpRn77idR5j528xOgmZAIXhkdd0e6hj1KTpOKjtcGn24PTbNnUcaNOopnvgDKtVkbUYr6ixbKbrlY8sQ52q3IJ5dPFNmyuEi0zdYTmrx5bgTBYtkVebPDY0iExYVuQ7I0Vs2k7tuszXwz+y2erRvwfOm+ZTUevX0HjE4qj0ZOIP46z/a0LvvSSD7GHgrjHDJO2dNpSiUOFpWf27SC1xoLKf2NDoTL4fWdwb7OH9deZHwNtw8dm1jRHUH2EzJmoGA+Kv08Y79OqxtW0JzFpWoQf7CKbJ0XDH4PpbBiv7d/fXLV28NAnhl4qyskJlp8mbW3WIZ8= user1@devopserubuntu\n"
            },
            "name": "node01",
            "network_acceleration_type": "standard",
            "network_interface": [
              {
                "dns_record": [],
                "index": 0,
                "ip_address": "192.168.101.11",
                "ipv4": true,
                "ipv6": false,
                "ipv6_address": "",
                "ipv6_dns_record": [],
                "mac_address": "d0:0d:13:e4:8d:1c",
                "nat": true,
                "nat_dns_record": [],
                "nat_ip_address": "51.250.10.109",
                "nat_ip_version": "IPV4",
                "security_group_ids": [],
                "subnet_id": "e9ba73kj278ghddn2pp1"
              }
            ],
            "placement_policy": [
              {
                "placement_group_id": ""
              }
            ],
            "platform_id": "standard-v1",
            "resources": [
              {
                "core_fraction": 100,
                "cores": 4,
                "gpus": 0,
                "memory": 8
              }
            ],
            "scheduling_policy": [
              {
                "preemptible": false
              }
            ],
            "secondary_disk": [],
            "service_account_id": "",
            "status": "running",
            "timeouts": null,
            "zone": "ru-central1-a"
          },
          "sensitive_attributes": [],
          "private": "eyJlMmJmYjczMC1lY2FhLTExZTYtOGY4OC0zNDM2M2JjN2M0YzAiOnsiY3JlYXRlIjozMDAwMDAwMDAwMDAsImRlbGV0ZSI6MzAwMDAwMDAwMDAwLCJ1cGRhdGUiOjMwMDAwMDAwMDAwMH0sInNjaGVtYV92ZXJzaW9uIjoiMSJ9",
          "dependencies": [
            "yandex_vpc_network.default",
            "yandex_vpc_subnet.default"
          ]
        }
      ]
    },
    {
      "mode": "managed",
      "type": "yandex_compute_instance",
      "name": "node02",
      "provider": "provider[\"registry.terraform.io/yandex-cloud/yandex\"]",
      "instances": [
        {
          "schema_version": 1,
          "attributes": {
            "allow_stopping_for_update": true,
            "boot_disk": [
              {
                "auto_delete": true,
                "device_name": "fhm18v1g8oasqh1u08bi",
                "disk_id": "fhm18v1g8oasqh1u08bi",
                "initialize_params": [
                  {
                    "block_size": 4096,
                    "description": "",
                    "image_id": "fd8thdvlga8qrfbvm76d",
                    "name": "root-node02",
                    "size": 10,
                    "snapshot_id": "",
                    "type": "network-ssd"
                  }
                ],
                "mode": "READ_WRITE"
              }
            ],
            "created_at": "2022-02-07T20:46:01Z",
            "description": "",
            "folder_id": "b1go4f0pmta6pftdlo2n",
            "fqdn": "node02.netology.yc",
            "hostname": "node02",
            "id": "fhmuvtnhh4n2c5h3c9ls",
            "labels": null,
            "metadata": {
              "ssh-keys": "centos:ssh-rsa AAAAB3NzaC1yc2EAAAADAQABAAABgQCk3c4RP9ADNp+BQwjou8TR2kE9Be6XwqMmm0fV8Ai/ViB2X85Jkt/gJfFGCvxIppM7pHqSDWeS1EJNt1FmeR62D9euEqUkGOQ/oJ0ORS96rHQbMhck68GS2elDgIyv6M2vIxTXn5LWDrJadqySqypdqbG/HBno8/TbhVGrUemjDumOhNr8QkLkImsE26RpRn77idR5j528xOgmZAIXhkdd0e6hj1KTpOKjtcGn24PTbNnUcaNOopnvgDKtVkbUYr6ixbKbrlY8sQ52q3IJ5dPFNmyuEi0zdYTmrx5bgTBYtkVebPDY0iExYVuQ7I0Vs2k7tuszXwz+y2erRvwfOm+ZTUevX0HjE4qj0ZOIP46z/a0LvvSSD7GHgrjHDJO2dNpSiUOFpWf27SC1xoLKf2NDoTL4fWdwb7OH9deZHwNtw8dm1jRHUH2EzJmoGA+Kv08Y79OqxtW0JzFpWoQf7CKbJ0XDH4PpbBiv7d/fXLV28NAnhl4qyskJlp8mbW3WIZ8= user1@devopserubuntu\n"
            },
            "name": "node02",
            "network_acceleration_type": "standard",
            "network_interface": [
              {
                "dns_record": [],
                "index": 0,
                "ip_address": "192.168.101.12",
                "ipv4": true,
                "ipv6": false,
                "ipv6_address": "",
                "ipv6_dns_record": [],
                "mac_address": "d0:0d:1e:ff:6f:18",
                "nat": true,
                "nat_dns_record": [],
                "nat_ip_address": "51.250.1.189",
                "nat_ip_version": "IPV4",
                "security_group_ids": [],
                "subnet_id": "e9ba73kj278ghddn2pp1"
              }
            ],
            "placement_policy": [
              {
                "placement_group_id": ""
              }
            ],
            "platform_id": "standard-v1",
            "resources": [
              {
                "core_fraction": 100,
                "cores": 4,
                "gpus": 0,
                "memory": 8
              }
            ],
            "scheduling_policy": [
              {
                "preemptible": false
              }
            ],
            "secondary_disk": [],
            "service_account_id": "",
            "status": "running",
            "timeouts": null,
            "zone": "ru-central1-a"
          },
          "sensitive_attributes": [],
          "private": "eyJlMmJmYjczMC1lY2FhLTExZTYtOGY4OC0zNDM2M2JjN2M0YzAiOnsiY3JlYXRlIjozMDAwMDAwMDAwMDAsImRlbGV0ZSI6MzAwMDAwMDAwMDAwLCJ1cGRhdGUiOjMwMDAwMDAwMDAwMH0sInNjaGVtYV92ZXJzaW9uIjoiMSJ9",
          "dependencies": [
            "yandex_vpc_network.default",
            "yandex_vpc_subnet.default"
          ]
        }
      ]
    },
    {
      "mode": "managed",
      "type": "yandex_compute_instance",
      "name": "node03",
      "provider": "provider[\"registry.terraform.io/yandex-cloud/yandex\"]",
      "instances": [
        {
          "schema_version": 1,
          "attributes": {
            "allow_stopping_for_update": true,
            "boot_disk": [
              {
                "auto_delete": true,
                "device_name": "fhmucqnnis5ss8s3t1i6",
                "disk_id": "fhmucqnnis5ss8s3t1i6",
                "initialize_params": [
                  {
                    "block_size": 4096,
                    "description": "",
                    "image_id": "fd8thdvlga8qrfbvm76d",
                    "name": "root-node03",
                    "size": 10,
                    "snapshot_id": "",
                    "type": "network-ssd"
                  }
                ],
                "mode": "READ_WRITE"
              }
            ],
            "created_at": "2022-02-07T20:46:02Z",
            "description": "",
            "folder_id": "b1go4f0pmta6pftdlo2n",
            "fqdn": "node03.netology.yc",
            "hostname": "node03",
            "id": "fhme1s8jgncon441pv62",
            "labels": null,
            "metadata": {
              "ssh-keys": "centos:ssh-rsa AAAAB3NzaC1yc2EAAAADAQABAAABgQCk3c4RP9ADNp+BQwjou8TR2kE9Be6XwqMmm0fV8Ai/ViB2X85Jkt/gJfFGCvxIppM7pHqSDWeS1EJNt1FmeR62D9euEqUkGOQ/oJ0ORS96rHQbMhck68GS2elDgIyv6M2vIxTXn5LWDrJadqySqypdqbG/HBno8/TbhVGrUemjDumOhNr8QkLkImsE26RpRn77idR5j528xOgmZAIXhkdd0e6hj1KTpOKjtcGn24PTbNnUcaNOopnvgDKtVkbUYr6ixbKbrlY8sQ52q3IJ5dPFNmyuEi0zdYTmrx5bgTBYtkVebPDY0iExYVuQ7I0Vs2k7tuszXwz+y2erRvwfOm+ZTUevX0HjE4qj0ZOIP46z/a0LvvSSD7GHgrjHDJO2dNpSiUOFpWf27SC1xoLKf2NDoTL4fWdwb7OH9deZHwNtw8dm1jRHUH2EzJmoGA+Kv08Y79OqxtW0JzFpWoQf7CKbJ0XDH4PpbBiv7d/fXLV28NAnhl4qyskJlp8mbW3WIZ8= user1@devopserubuntu\n"
            },
            "name": "node03",
            "network_acceleration_type": "standard",
            "network_interface": [
              {
                "dns_record": [],
                "index": 0,
                "ip_address": "192.168.101.13",
                "ipv4": true,
                "ipv6": false,
                "ipv6_address": "",
                "ipv6_dns_record": [],
                "mac_address": "d0:0d:e0:f1:13:85",
                "nat": true,
                "nat_dns_record": [],
                "nat_ip_address": "51.250.14.100",
                "nat_ip_version": "IPV4",
                "security_group_ids": [],
                "subnet_id": "e9ba73kj278ghddn2pp1"
              }
            ],
            "placement_policy": [
              {
                "placement_group_id": ""
              }
            ],
            "platform_id": "standard-v1",
            "resources": [
              {
                "core_fraction": 100,
                "cores": 4,
                "gpus": 0,
                "memory": 8
              }
            ],
            "scheduling_policy": [
              {
                "preemptible": false
              }
            ],
            "secondary_disk": [],
            "service_account_id": "",
            "status": "running",
            "timeouts": null,
            "zone": "ru-central1-a"
          },
          "sensitive_attributes": [],
          "private": "eyJlMmJmYjczMC1lY2FhLTExZTYtOGY4OC0zNDM2M2JjN2M0YzAiOnsiY3JlYXRlIjozMDAwMDAwMDAwMDAsImRlbGV0ZSI6MzAwMDAwMDAwMDAwLCJ1cGRhdGUiOjMwMDAwMDAwMDAwMH0sInNjaGVtYV92ZXJzaW9uIjoiMSJ9",
          "dependencies": [
            "yandex_vpc_network.default",
            "yandex_vpc_subnet.default"
          ]
        }
      ]
    },
    {
      "mode": "managed",
      "type": "yandex_compute_instance",
      "name": "node04",
      "provider": "provider[\"registry.terraform.io/yandex-cloud/yandex\"]",
      "instances": [
        {
          "schema_version": 1,
          "attributes": {
            "allow_stopping_for_update": true,
            "boot_disk": [
              {
                "auto_delete": true,
                "device_name": "fhm5oe2llev9ppr7sspu",
                "disk_id": "fhm5oe2llev9ppr7sspu",
                "initialize_params": [
                  {
                    "block_size": 4096,
                    "description": "",
                    "image_id": "fd8thdvlga8qrfbvm76d",
                    "name": "root-node04",
                    "size": 40,
                    "snapshot_id": "",
                    "type": "network-ssd"
                  }
                ],
                "mode": "READ_WRITE"
              }
            ],
            "created_at": "2022-02-07T20:46:01Z",
            "description": "",
            "folder_id": "b1go4f0pmta6pftdlo2n",
            "fqdn": "node04.netology.yc",
            "hostname": "node04",
            "id": "fhmrr46v4ok4aer67ld3",
            "labels": null,
            "metadata": {
              "ssh-keys": "centos:ssh-rsa AAAAB3NzaC1yc2EAAAADAQABAAABgQCk3c4RP9ADNp+BQwjou8TR2kE9Be6XwqMmm0fV8Ai/ViB2X85Jkt/gJfFGCvxIppM7pHqSDWeS1EJNt1FmeR62D9euEqUkGOQ/oJ0ORS96rHQbMhck68GS2elDgIyv6M2vIxTXn5LWDrJadqySqypdqbG/HBno8/TbhVGrUemjDumOhNr8QkLkImsE26RpRn77idR5j528xOgmZAIXhkdd0e6hj1KTpOKjtcGn24PTbNnUcaNOopnvgDKtVkbUYr6ixbKbrlY8sQ52q3IJ5dPFNmyuEi0zdYTmrx5bgTBYtkVebPDY0iExYVuQ7I0Vs2k7tuszXwz+y2erRvwfOm+ZTUevX0HjE4qj0ZOIP46z/a0LvvSSD7GHgrjHDJO2dNpSiUOFpWf27SC1xoLKf2NDoTL4fWdwb7OH9deZHwNtw8dm1jRHUH2EzJmoGA+Kv08Y79OqxtW0JzFpWoQf7CKbJ0XDH4PpbBiv7d/fXLV28NAnhl4qyskJlp8mbW3WIZ8= user1@devopserubuntu\n"
            },
            "name": "node04",
            "network_acceleration_type": "standard",
            "network_interface": [
              {
                "dns_record": [],
                "index": 0,
                "ip_address": "192.168.101.14",
                "ipv4": true,
                "ipv6": false,
                "ipv6_address": "",
                "ipv6_dns_record": [],
                "mac_address": "d0:0d:1b:d9:0d:f2",
                "nat": true,
                "nat_dns_record": [],
                "nat_ip_address": "51.250.4.3",
                "nat_ip_version": "IPV4",
                "security_group_ids": [],
                "subnet_id": "e9ba73kj278ghddn2pp1"
              }
            ],
            "placement_policy": [
              {
                "placement_group_id": ""
              }
            ],
            "platform_id": "standard-v1",
            "resources": [
              {
                "core_fraction": 100,
                "cores": 4,
                "gpus": 0,
                "memory": 8
              }
            ],
            "scheduling_policy": [
              {
                "preemptible": false
              }
            ],
            "secondary_disk": [],
            "service_account_id": "",
            "status": "running",
            "timeouts": null,
            "zone": "ru-central1-a"
          },
          "sensitive_attributes": [],
          "private": "eyJlMmJmYjczMC1lY2FhLTExZTYtOGY4OC0zNDM2M2JjN2M0YzAiOnsiY3JlYXRlIjozMDAwMDAwMDAwMDAsImRlbGV0ZSI6MzAwMDAwMDAwMDAwLCJ1cGRhdGUiOjMwMDAwMDAwMDAwMH0sInNjaGVtYV92ZXJzaW9uIjoiMSJ9",
          "dependencies": [
            "yandex_vpc_network.default",
            "yandex_vpc_subnet.default"
          ]
        }
      ]
    },
    {
      "mode": "managed",
      "type": "yandex_compute_instance",
      "name": "node05",
      "provider": "provider[\"registry.terraform.io/yandex-cloud/yandex\"]",
      "instances": [
        {
          "schema_version": 1,
          "attributes": {
            "allow_stopping_for_update": true,
            "boot_disk": [
              {
                "auto_delete": true,
                "device_name": "fhmp54jqta3isrdqeblr",
                "disk_id": "fhmp54jqta3isrdqeblr",
                "initialize_params": [
                  {
                    "block_size": 4096,
                    "description": "",
                    "image_id": "fd8thdvlga8qrfbvm76d",
                    "name": "root-node05",
                    "size": 40,
                    "snapshot_id": "",
                    "type": "network-ssd"
                  }
                ],
                "mode": "READ_WRITE"
              }
            ],
            "created_at": "2022-02-07T20:46:02Z",
            "description": "",
            "folder_id": "b1go4f0pmta6pftdlo2n",
            "fqdn": "node05.netology.yc",
            "hostname": "node05",
            "id": "fhmfrcsjrpulnpu8471u",
            "labels": null,
            "metadata": {
              "ssh-keys": "centos:ssh-rsa AAAAB3NzaC1yc2EAAAADAQABAAABgQCk3c4RP9ADNp+BQwjou8TR2kE9Be6XwqMmm0fV8Ai/ViB2X85Jkt/gJfFGCvxIppM7pHqSDWeS1EJNt1FmeR62D9euEqUkGOQ/oJ0ORS96rHQbMhck68GS2elDgIyv6M2vIxTXn5LWDrJadqySqypdqbG/HBno8/TbhVGrUemjDumOhNr8QkLkImsE26RpRn77idR5j528xOgmZAIXhkdd0e6hj1KTpOKjtcGn24PTbNnUcaNOopnvgDKtVkbUYr6ixbKbrlY8sQ52q3IJ5dPFNmyuEi0zdYTmrx5bgTBYtkVebPDY0iExYVuQ7I0Vs2k7tuszXwz+y2erRvwfOm+ZTUevX0HjE4qj0ZOIP46z/a0LvvSSD7GHgrjHDJO2dNpSiUOFpWf27SC1xoLKf2NDoTL4fWdwb7OH9deZHwNtw8dm1jRHUH2EzJmoGA+Kv08Y79OqxtW0JzFpWoQf7CKbJ0XDH4PpbBiv7d/fXLV28NAnhl4qyskJlp8mbW3WIZ8= user1@devopserubuntu\n"
            },
            "name": "node05",
            "network_acceleration_type": "standard",
            "network_interface": [
              {
                "dns_record": [],
                "index": 0,
                "ip_address": "192.168.101.15",
                "ipv4": true,
                "ipv6": false,
                "ipv6_address": "",
                "ipv6_dns_record": [],
                "mac_address": "d0:0d:fd:b3:93:de",
                "nat": true,
                "nat_dns_record": [],
                "nat_ip_address": "51.250.6.184",
                "nat_ip_version": "IPV4",
                "security_group_ids": [],
                "subnet_id": "e9ba73kj278ghddn2pp1"
              }
            ],
            "placement_policy": [
              {
                "placement_group_id": ""
              }
            ],
            "platform_id": "standard-v1",
            "resources": [
              {
                "core_fraction": 100,
                "cores": 4,
                "gpus": 0,
                "memory": 8
              }
            ],
            "scheduling_policy": [
              {
                "preemptible": false
              }
            ],
            "secondary_disk": [],
            "service_account_id": "",
            "status": "running",
            "timeouts": null,
            "zone": "ru-central1-a"
          },
          "sensitive_attributes": [],
          "private": "eyJlMmJmYjczMC1lY2FhLTExZTYtOGY4OC0zNDM2M2JjN2M0YzAiOnsiY3JlYXRlIjozMDAwMDAwMDAwMDAsImRlbGV0ZSI6MzAwMDAwMDAwMDAwLCJ1cGRhdGUiOjMwMDAwMDAwMDAwMH0sInNjaGVtYV92ZXJzaW9uIjoiMSJ9",
          "dependencies": [
            "yandex_vpc_network.default",
            "yandex_vpc_subnet.default"
          ]
        }
      ]
    },
    {
      "mode": "managed",
      "type": "yandex_compute_instance",
      "name": "node06",
      "provider": "provider[\"registry.terraform.io/yandex-cloud/yandex\"]",
      "instances": [
        {
          "schema_version": 1,
          "attributes": {
            "allow_stopping_for_update": true,
            "boot_disk": [
              {
                "auto_delete": true,
                "device_name": "fhmrtu8ifkfunj3iu3uv",
                "disk_id": "fhmrtu8ifkfunj3iu3uv",
                "initialize_params": [
                  {
                    "block_size": 4096,
                    "description": "",
                    "image_id": "fd8thdvlga8qrfbvm76d",
                    "name": "root-node06",
                    "size": 40,
                    "snapshot_id": "",
                    "type": "network-ssd"
                  }
                ],
                "mode": "READ_WRITE"
              }
            ],
            "created_at": "2022-02-07T20:46:01Z",
            "description": "",
            "folder_id": "b1go4f0pmta6pftdlo2n",
            "fqdn": "node06.netology.yc",
            "hostname": "node06",
            "id": "fhm35ad9mkolru9p8krr",
            "labels": null,
            "metadata": {
              "ssh-keys": "centos:ssh-rsa AAAAB3NzaC1yc2EAAAADAQABAAABgQCk3c4RP9ADNp+BQwjou8TR2kE9Be6XwqMmm0fV8Ai/ViB2X85Jkt/gJfFGCvxIppM7pHqSDWeS1EJNt1FmeR62D9euEqUkGOQ/oJ0ORS96rHQbMhck68GS2elDgIyv6M2vIxTXn5LWDrJadqySqypdqbG/HBno8/TbhVGrUemjDumOhNr8QkLkImsE26RpRn77idR5j528xOgmZAIXhkdd0e6hj1KTpOKjtcGn24PTbNnUcaNOopnvgDKtVkbUYr6ixbKbrlY8sQ52q3IJ5dPFNmyuEi0zdYTmrx5bgTBYtkVebPDY0iExYVuQ7I0Vs2k7tuszXwz+y2erRvwfOm+ZTUevX0HjE4qj0ZOIP46z/a0LvvSSD7GHgrjHDJO2dNpSiUOFpWf27SC1xoLKf2NDoTL4fWdwb7OH9deZHwNtw8dm1jRHUH2EzJmoGA+Kv08Y79OqxtW0JzFpWoQf7CKbJ0XDH4PpbBiv7d/fXLV28NAnhl4qyskJlp8mbW3WIZ8= user1@devopserubuntu\n"
            },
            "name": "node06",
            "network_acceleration_type": "standard",
            "network_interface": [
              {
                "dns_record": [],
                "index": 0,
                "ip_address": "192.168.101.16",
                "ipv4": true,
                "ipv6": false,
                "ipv6_address": "",
                "ipv6_dns_record": [],
                "mac_address": "d0:0d:32:a9:a9:b5",
                "nat": true,
                "nat_dns_record": [],
                "nat_ip_address": "51.250.4.12",
                "nat_ip_version": "IPV4",
                "security_group_ids": [],
                "subnet_id": "e9ba73kj278ghddn2pp1"
              }
            ],
            "placement_policy": [
              {
                "placement_group_id": ""
              }
            ],
            "platform_id": "standard-v1",
            "resources": [
              {
                "core_fraction": 100,
                "cores": 4,
                "gpus": 0,
                "memory": 8
              }
            ],
            "scheduling_policy": [
              {
                "preemptible": false
              }
            ],
            "secondary_disk": [],
            "service_account_id": "",
            "status": "running",
            "timeouts": null,
            "zone": "ru-central1-a"
          },
          "sensitive_attributes": [],
          "private": "eyJlMmJmYjczMC1lY2FhLTExZTYtOGY4OC0zNDM2M2JjN2M0YzAiOnsiY3JlYXRlIjozMDAwMDAwMDAwMDAsImRlbGV0ZSI6MzAwMDAwMDAwMDAwLCJ1cGRhdGUiOjMwMDAwMDAwMDAwMH0sInNjaGVtYV92ZXJzaW9uIjoiMSJ9",
          "dependencies": [
            "yandex_vpc_network.default",
            "yandex_vpc_subnet.default"
          ]
        }
      ]
    },
    {
      "mode": "managed",
      "type": "yandex_vpc_network",
      "name": "default",
      "provider": "provider[\"registry.terraform.io/yandex-cloud/yandex\"]",
      "instances": [
        {
          "schema_version": 0,
          "attributes": {
            "created_at": "2022-02-07T20:45:58Z",
            "default_security_group_id": "",
            "description": "",
            "folder_id": "b1go4f0pmta6pftdlo2n",
            "id": "enps78r7n79ld3f6km2a",
            "labels": {},
            "name": "net",
            "subnet_ids": [],
            "timeouts": null
          },
          "sensitive_attributes": [],
          "private": "eyJlMmJmYjczMC1lY2FhLTExZTYtOGY4OC0zNDM2M2JjN2M0YzAiOnsiY3JlYXRlIjo2MDAwMDAwMDAwMCwiZGVsZXRlIjo2MDAwMDAwMDAwMCwidXBkYXRlIjo2MDAwMDAwMDAwMH19"
        }
      ]
    },
    {
      "mode": "managed",
      "type": "yandex_vpc_subnet",
      "name": "default",
      "provider": "provider[\"registry.terraform.io/yandex-cloud/yandex\"]",
      "instances": [
        {
          "schema_version": 0,
          "attributes": {
            "created_at": "2022-02-07T20:45:59Z",
            "description": "",
            "dhcp_options": [],
            "folder_id": "b1go4f0pmta6pftdlo2n",
            "id": "e9ba73kj278ghddn2pp1",
            "labels": {},
            "name": "subnet",
            "network_id": "enps78r7n79ld3f6km2a",
            "route_table_id": "",
            "timeouts": null,
            "v4_cidr_blocks": [
              "192.168.101.0/24"
            ],
            "v6_cidr_blocks": [],
            "zone": "ru-central1-a"
          },
          "sensitive_attributes": [],
          "private": "eyJlMmJmYjczMC1lY2FhLTExZTYtOGY4OC0zNDM2M2JjN2M0YzAiOnsiY3JlYXRlIjoxODAwMDAwMDAwMDAsImRlbGV0ZSI6MTgwMDAwMDAwMDAwLCJ1cGRhdGUiOjE4MDAwMDAwMDAwMH19",
          "dependencies": [
            "yandex_vpc_network.default"
          ]
        }
      ]
    }
  ]
}
