{
  "version": 4,
  "terraform_version": "1.1.4",
  "serial": 71,
  "lineage": "9bfa35f6-7ed6-74d0-6056-688687380c1e",
  "outputs": {
    "external_ip_address_node01_yandex_cloud": {
      "value": "130.193.51.159",
      "type": "string"
    },
    "external_ip_address_node02_yandex_cloud": {
      "value": "130.193.37.91",
      "type": "string"
    },
    "internal_ip_address_node01_yandex_cloud": {
      "value": "192.168.101.33",
      "type": "string"
    },
    "internal_ip_address_node02_yandex_cloud": {
      "value": "192.168.101.5",
      "type": "string"
    }
  },
  "resources": [
    {
      "mode": "managed",
      "type": "yandex_compute_instance",
      "name": "node01",
      "provider": "provider[\"registry.terraform.io/yandex-cloud/yandex\"]",
      "instances": [
        {
          "schema_version": 1,
          "attributes": {
            "allow_stopping_for_update": true,
            "boot_disk": [
              {
                "auto_delete": true,
                "device_name": "fhm85248sebvnmtfboo7",
                "disk_id": "fhm85248sebvnmtfboo7",
                "initialize_params": [
                  {
                    "block_size": 4096,
                    "description": "",
                    "image_id": "fd8thdvlga8qrfbvm76d",
                    "name": "root-node01",
                    "size": 50,
                    "snapshot_id": "",
                    "type": "network-ssd"
                  }
                ],
                "mode": "READ_WRITE"
              }
            ],
            "created_at": "2022-02-04T10:01:11Z",
            "description": "",
            "folder_id": "b1go4f0pmta6pftdlo2n",
            "fqdn": "node01.netology.cloud",
            "hostname": "node01",
            "id": "fhm0b84ik1j0jmuc8v0t",
            "labels": null,
            "metadata": {
              "ssh-keys": "centos:ssh-rsa AAAAB3NzaC1yc2EAAAADAQABAAABgQCk3c4RP9ADNp+BQwjou8TR2kE9Be6XwqMmm0fV8Ai/ViB2X85Jkt/gJfFGCvxIppM7pHqSDWeS1EJNt1FmeR62D9euEqUkGOQ/oJ0ORS96rHQbMhck68GS2elDgIyv6M2vIxTXn5LWDrJadqySqypdqbG/HBno8/TbhVGrUemjDumOhNr8QkLkImsE26RpRn77idR5j528xOgmZAIXhkdd0e6hj1KTpOKjtcGn24PTbNnUcaNOopnvgDKtVkbUYr6ixbKbrlY8sQ52q3IJ5dPFNmyuEi0zdYTmrx5bgTBYtkVebPDY0iExYVuQ7I0Vs2k7tuszXwz+y2erRvwfOm+ZTUevX0HjE4qj0ZOIP46z/a0LvvSSD7GHgrjHDJO2dNpSiUOFpWf27SC1xoLKf2NDoTL4fWdwb7OH9deZHwNtw8dm1jRHUH2EzJmoGA+Kv08Y79OqxtW0JzFpWoQf7CKbJ0XDH4PpbBiv7d/fXLV28NAnhl4qyskJlp8mbW3WIZ8= user1@devopserubuntu\n"
            },
            "name": "node01",
            "network_acceleration_type": "standard",
            "network_interface": [
              {
                "dns_record": [],
                "index": 0,
                "ip_address": "192.168.101.33",
                "ipv4": true,
                "ipv6": false,
                "ipv6_address": "",
                "ipv6_dns_record": [],
                "mac_address": "d0:0d:5a:09:2a:06",
                "nat": true,
                "nat_dns_record": [],
                "nat_ip_address": "130.193.51.159",
                "nat_ip_version": "IPV4",
                "security_group_ids": [],
                "subnet_id": "e9b6hqend417l6519o6k"
              }
            ],
            "placement_policy": [
              {
                "placement_group_id": ""
              }
            ],
            "platform_id": "standard-v1",
            "resources": [
              {
                "core_fraction": 100,
                "cores": 8,
                "gpus": 0,
                "memory": 8
              }
            ],
            "scheduling_policy": [
              {
                "preemptible": false
              }
            ],
            "secondary_disk": [],
            "service_account_id": "",
            "status": "running",
            "timeouts": null,
            "zone": "ru-central1-a"
          },
          "sensitive_attributes": [],
          "private": "eyJlMmJmYjczMC1lY2FhLTExZTYtOGY4OC0zNDM2M2JjN2M0YzAiOnsiY3JlYXRlIjozMDAwMDAwMDAwMDAsImRlbGV0ZSI6MzAwMDAwMDAwMDAwLCJ1cGRhdGUiOjMwMDAwMDAwMDAwMH0sInNjaGVtYV92ZXJzaW9uIjoiMSJ9",
          "dependencies": [
            "yandex_vpc_network.default",
            "yandex_vpc_subnet.default"
          ]
        }
      ]
    },
    {
      "mode": "managed",
      "type": "yandex_compute_instance",
      "name": "node02",
      "provider": "provider[\"registry.terraform.io/yandex-cloud/yandex\"]",
      "instances": [
        {
          "schema_version": 1,
          "attributes": {
            "allow_stopping_for_update": true,
            "boot_disk": [
              {
                "auto_delete": true,
                "device_name": "fhmh5qecj2j39q0udlgt",
                "disk_id": "fhmh5qecj2j39q0udlgt",
                "initialize_params": [
                  {
                    "block_size": 4096,
                    "description": "",
                    "image_id": "fd8thdvlga8qrfbvm76d",
                    "name": "root-node02",
                    "size": 30,
                    "snapshot_id": "",
                    "type": "network-ssd"
                  }
                ],
                "mode": "READ_WRITE"
              }
            ],
            "created_at": "2022-02-04T10:01:11Z",
            "description": "",
            "folder_id": "b1go4f0pmta6pftdlo2n",
            "fqdn": "node02.netology.cloud",
            "hostname": "node02",
            "id": "fhm3uftosvksfjquisra",
            "labels": null,
            "metadata": {
              "ssh-keys": "centos:ssh-rsa AAAAB3NzaC1yc2EAAAADAQABAAABgQCk3c4RP9ADNp+BQwjou8TR2kE9Be6XwqMmm0fV8Ai/ViB2X85Jkt/gJfFGCvxIppM7pHqSDWeS1EJNt1FmeR62D9euEqUkGOQ/oJ0ORS96rHQbMhck68GS2elDgIyv6M2vIxTXn5LWDrJadqySqypdqbG/HBno8/TbhVGrUemjDumOhNr8QkLkImsE26RpRn77idR5j528xOgmZAIXhkdd0e6hj1KTpOKjtcGn24PTbNnUcaNOopnvgDKtVkbUYr6ixbKbrlY8sQ52q3IJ5dPFNmyuEi0zdYTmrx5bgTBYtkVebPDY0iExYVuQ7I0Vs2k7tuszXwz+y2erRvwfOm+ZTUevX0HjE4qj0ZOIP46z/a0LvvSSD7GHgrjHDJO2dNpSiUOFpWf27SC1xoLKf2NDoTL4fWdwb7OH9deZHwNtw8dm1jRHUH2EzJmoGA+Kv08Y79OqxtW0JzFpWoQf7CKbJ0XDH4PpbBiv7d/fXLV28NAnhl4qyskJlp8mbW3WIZ8= user1@devopserubuntu\n"
            },
            "name": "node02",
            "network_acceleration_type": "standard",
            "network_interface": [
              {
                "dns_record": [],
                "index": 0,
                "ip_address": "192.168.101.5",
                "ipv4": true,
                "ipv6": false,
                "ipv6_address": "",
                "ipv6_dns_record": [],
                "mac_address": "d0:0d:3f:3f:b8:e7",
                "nat": true,
                "nat_dns_record": [],
                "nat_ip_address": "130.193.37.91",
                "nat_ip_version": "IPV4",
                "security_group_ids": [],
                "subnet_id": "e9b6hqend417l6519o6k"
              }
            ],
            "placement_policy": [
              {
                "placement_group_id": ""
              }
            ],
            "platform_id": "standard-v1",
            "resources": [
              {
                "core_fraction": 100,
                "cores": 2,
                "gpus": 0,
                "memory": 4
              }
            ],
            "scheduling_policy": [
              {
                "preemptible": false
              }
            ],
            "secondary_disk": [],
            "service_account_id": "",
            "status": "running",
            "timeouts": null,
            "zone": "ru-central1-a"
          },
          "sensitive_attributes": [],
          "private": "eyJlMmJmYjczMC1lY2FhLTExZTYtOGY4OC0zNDM2M2JjN2M0YzAiOnsiY3JlYXRlIjozMDAwMDAwMDAwMDAsImRlbGV0ZSI6MzAwMDAwMDAwMDAwLCJ1cGRhdGUiOjMwMDAwMDAwMDAwMH0sInNjaGVtYV92ZXJzaW9uIjoiMSJ9",
          "dependencies": [
            "yandex_vpc_network.default",
            "yandex_vpc_subnet.default"
          ]
        }
      ]
    },
    {
      "mode": "managed",
      "type": "yandex_vpc_network",
      "name": "default",
      "provider": "provider[\"registry.terraform.io/yandex-cloud/yandex\"]",
      "instances": [
        {
          "schema_version": 0,
          "attributes": {
            "created_at": "2022-02-04T10:01:08Z",
            "default_security_group_id": "",
            "description": "",
            "folder_id": "b1go4f0pmta6pftdlo2n",
            "id": "enp1gegsetn80ual98sd",
            "labels": {},
            "name": "net",
            "subnet_ids": [],
            "timeouts": null
          },
          "sensitive_attributes": [],
          "private": "eyJlMmJmYjczMC1lY2FhLTExZTYtOGY4OC0zNDM2M2JjN2M0YzAiOnsiY3JlYXRlIjo2MDAwMDAwMDAwMCwiZGVsZXRlIjo2MDAwMDAwMDAwMCwidXBkYXRlIjo2MDAwMDAwMDAwMH19"
        }
      ]
    },
    {
      "mode": "managed",
      "type": "yandex_vpc_subnet",
      "name": "default",
      "provider": "provider[\"registry.terraform.io/yandex-cloud/yandex\"]",
      "instances": [
        {
          "schema_version": 0,
          "attributes": {
            "created_at": "2022-02-04T10:01:09Z",
            "description": "",
            "dhcp_options": [],
            "folder_id": "b1go4f0pmta6pftdlo2n",
            "id": "e9b6hqend417l6519o6k",
            "labels": {},
            "name": "subnet",
            "network_id": "enp1gegsetn80ual98sd",
            "route_table_id": "",
            "timeouts": null,
            "v4_cidr_blocks": [
              "192.168.101.0/24"
            ],
            "v6_cidr_blocks": [],
            "zone": "ru-central1-a"
          },
          "sensitive_attributes": [],
          "private": "eyJlMmJmYjczMC1lY2FhLTExZTYtOGY4OC0zNDM2M2JjN2M0YzAiOnsiY3JlYXRlIjoxODAwMDAwMDAwMDAsImRlbGV0ZSI6MTgwMDAwMDAwMDAwLCJ1cGRhdGUiOjE4MDAwMDAwMDAwMH19",
          "dependencies": [
            "yandex_vpc_network.default"
          ]
        }
      ]
    }
  ]
}
